
Microsoft Visual Studio Solution File, Format Version 12.00
# Visual Studio 14
VisualStudioVersion = 14.0.25420.1
MinimumVisualStudioVersion = 10.0.40219.1
Project("{FAE04EC0-301F-11D3-BF4B-00C04F79EFBC}") = "XPMetronome.Console", "XPMetronome.Console\XPMetronome.Console.csproj", "{C89C5F16-4E65-4162-BCEC-86E68E0D31AE}"
EndProject
Project("{FAE04EC0-301F-11D3-BF4B-00C04F79EFBC}") = "XPMetronome.Domain", "XPMetronome.Domain\XPMetronome.Domain.csproj", "{242FC04A-B03C-4E04-B4CB-C76058ED7BC7}"
EndProject
Project("{FAE04EC0-301F-11D3-BF4B-00C04F79EFBC}") = "XPMetronome.Web", "XPMetronome.Web\XPMetronome.Web.csproj", "{71ECB0E7-E523-4F10-8B38-4A3E7717683C}"
EndProject
Global
	GlobalSection(SolutionConfigurationPlatforms) = preSolution
		Debug|Any CPU = Debug|Any CPU
		Release|Any CPU = Release|Any CPU
	EndGlobalSection
	GlobalSection(ProjectConfigurationPlatforms) = postSolution
		{C89C5F16-4E65-4162-BCEC-86E68E0D31AE}.Debug|Any CPU.ActiveCfg = Debug|Any CPU
		{C89C5F16-4E65-4162-BCEC-86E68E0D31AE}.Debug|Any CPU.Build.0 = Debug|Any CPU
		{C89C5F16-4E65-4162-BCEC-86E68E0D31AE}.Release|Any CPU.ActiveCfg = Release|Any CPU
		{C89C5F16-4E65-4162-BCEC-86E68E0D31AE}.Release|Any CPU.Build.0 = Release|Any CPU
		{242FC04A-B03C-4E04-B4CB-C76058ED7BC7}.Debug|Any CPU.ActiveCfg = Debug|Any CPU
		{242FC04A-B03C-4E04-B4CB-C76058ED7BC7}.Debug|Any CPU.Build.0 = Debug|Any CPU
		{242FC04A-B03C-4E04-B4CB-C76058ED7BC7}.Release|Any CPU.ActiveCfg = Release|Any CPU
		{242FC04A-B03C-4E04-B4CB-C76058ED7BC7}.Release|Any CPU.Build.0 = Release|Any CPU
		{71ECB0E7-E523-4F10-8B38-4A3E7717683C}.Debug|Any CPU.ActiveCfg = Debug|Any CPU
		{71ECB0E7-E523-4F10-8B38-4A3E7717683C}.Debug|Any CPU.Build.0 = Debug|Any CPU
		{71ECB0E7-E523-4F10-8B38-4A3E7717683C}.Release|Any CPU.ActiveCfg = Release|Any CPU
		{71ECB0E7-E523-4F10-8B38-4A3E7717683C}.Release|Any CPU.Build.0 = Release|Any CPU
	EndGlobalSection
	GlobalSection(SolutionProperties) = preSolution
		HideSolutionNode = FALSE
	EndGlobalSection
EndGlobal
